
Microsoft Visual Studio Solution File, Format Version 12.00
# Visual Studio 2017
Project("{FAE04EC0-301F-11D3-BF4B-00C04F79EFBC}") = "ade.Plugins", "ade.Plugins.csproj", "{32C50A7E-5AEF-6D36-804F-62D60E9E64D2}"
EndProject
Project("{FAE04EC0-301F-11D3-BF4B-00C04F79EFBC}") = "ade", "ade.csproj", "{2B73B188-C9AF-7EFC-776C-AF16153E37A5}"
EndProject
Project("{FAE04EC0-301F-11D3-BF4B-00C04F79EFBC}") = "ade.Editor.Plugins", "ade.Editor.Plugins.csproj", "{81AFF99D-CF00-2844-7A40-5CDC7DD7E084}"
EndProject
Global
	GlobalSection(SolutionConfigurationPlatforms) = preSolution
		Debug|Any CPU = Debug|Any CPU
		Release|Any CPU = Release|Any CPU
	EndGlobalSection
	GlobalSection(ProjectConfigurationPlatforms) = postSolution
		{32C50A7E-5AEF-6D36-804F-62D60E9E64D2}.Debug|Any CPU.ActiveCfg = Debug|Any CPU
		{32C50A7E-5AEF-6D36-804F-62D60E9E64D2}.Debug|Any CPU.Build.0 = Debug|Any CPU
		{32C50A7E-5AEF-6D36-804F-62D60E9E64D2}.Release|Any CPU.ActiveCfg = Release|Any CPU
		{32C50A7E-5AEF-6D36-804F-62D60E9E64D2}.Release|Any CPU.Build.0 = Release|Any CPU
		{2B73B188-C9AF-7EFC-776C-AF16153E37A5}.Debug|Any CPU.ActiveCfg = Debug|Any CPU
		{2B73B188-C9AF-7EFC-776C-AF16153E37A5}.Debug|Any CPU.Build.0 = Debug|Any CPU
		{2B73B188-C9AF-7EFC-776C-AF16153E37A5}.Release|Any CPU.ActiveCfg = Release|Any CPU
		{2B73B188-C9AF-7EFC-776C-AF16153E37A5}.Release|Any CPU.Build.0 = Release|Any CPU
		{81AFF99D-CF00-2844-7A40-5CDC7DD7E084}.Debug|Any CPU.ActiveCfg = Debug|Any CPU
		{81AFF99D-CF00-2844-7A40-5CDC7DD7E084}.Debug|Any CPU.Build.0 = Debug|Any CPU
		{81AFF99D-CF00-2844-7A40-5CDC7DD7E084}.Release|Any CPU.ActiveCfg = Release|Any CPU
		{81AFF99D-CF00-2844-7A40-5CDC7DD7E084}.Release|Any CPU.Build.0 = Release|Any CPU
	EndGlobalSection
	GlobalSection(SolutionProperties) = preSolution
		HideSolutionNode = FALSE
	EndGlobalSection
EndGlobal
